
Microsoft Visual Studio Solution File, Format Version 12.00
# Visual Studio Version 17
VisualStudioVersion = 17.8.34330.188
MinimumVisualStudioVersion = 10.0.40219.1
Project("{9A19103F-16F7-4668-BE54-9A1E7A4F7556}") = "EmployeePortal.API", "EmployeePortal.API\EmployeePortal.API.csproj", "{0ED0E8E3-2FA3-47EF-AE77-C149733AC6E8}"
EndProject
Project("{FAE04EC0-301F-11D3-BF4B-00C04F79EFBC}") = "EmployeePortal.Data", "EmployeePortal.Data\EmployeePortal.Data.csproj", "{5AC2841B-7479-4F71-8334-AC10292DFE83}"
EndProject
Global
	GlobalSection(SolutionConfigurationPlatforms) = preSolution
		Debug|Any CPU = Debug|Any CPU
		Release|Any CPU = Release|Any CPU
	EndGlobalSection
	GlobalSection(ProjectConfigurationPlatforms) = postSolution
		{0ED0E8E3-2FA3-47EF-AE77-C149733AC6E8}.Debug|Any CPU.ActiveCfg = Debug|Any CPU
		{0ED0E8E3-2FA3-47EF-AE77-C149733AC6E8}.Debug|Any CPU.Build.0 = Debug|Any CPU
		{0ED0E8E3-2FA3-47EF-AE77-C149733AC6E8}.Release|Any CPU.ActiveCfg = Release|Any CPU
		{0ED0E8E3-2FA3-47EF-AE77-C149733AC6E8}.Release|Any CPU.Build.0 = Release|Any CPU
		{5AC2841B-7479-4F71-8334-AC10292DFE83}.Debug|Any CPU.ActiveCfg = Debug|Any CPU
		{5AC2841B-7479-4F71-8334-AC10292DFE83}.Debug|Any CPU.Build.0 = Debug|Any CPU
		{5AC2841B-7479-4F71-8334-AC10292DFE83}.Release|Any CPU.ActiveCfg = Release|Any CPU
		{5AC2841B-7479-4F71-8334-AC10292DFE83}.Release|Any CPU.Build.0 = Release|Any CPU
	EndGlobalSection
	GlobalSection(SolutionProperties) = preSolution
		HideSolutionNode = FALSE
	EndGlobalSection
	GlobalSection(ExtensibilityGlobals) = postSolution
		SolutionGuid = {002E1D99-1476-47EC-B2A0-B76B88A49168}
	EndGlobalSection
EndGlobal
